// !$*UTF8*$!
{
	archiveVersion = 1;
	classes = {
	};
	objectVersion = 52;
	objects = {

/* Begin PBXBuildFile section */
		4907672A25C69D17009A8229 /* PixivApp.swift in Sources */ = {isa = PBXBuildFile; fileRef = 4907672925C69D17009A8229 /* PixivApp.swift */; };
		4907672E25C69D18009A8229 /* Assets.xcassets in Resources */ = {isa = PBXBuildFile; fileRef = 4907672D25C69D18009A8229 /* Assets.xcassets */; };
		4907673125C69D18009A8229 /* Preview Assets.xcassets in Resources */ = {isa = PBXBuildFile; fileRef = 4907673025C69D18009A8229 /* Preview Assets.xcassets */; };
		49182CF825C9B299004000CA /* Mock.swift in Sources */ = {isa = PBXBuildFile; fileRef = 49182CF725C9B299004000CA /* Mock.swift */; };
		4928325025CFEE6D0032264D /* LoadingView.swift in Sources */ = {isa = PBXBuildFile; fileRef = 4928324F25CFEE6D0032264D /* LoadingView.swift */; };
		49458BED25CD2F000007A007 /* AppService.swift in Sources */ = {isa = PBXBuildFile; fileRef = 49458BEC25CD2F000007A007 /* AppService.swift */; };
		49458BF225CD33020007A007 /* Utils.swift in Sources */ = {isa = PBXBuildFile; fileRef = 49458BF125CD33020007A007 /* Utils.swift */; };
		49458BF725CD5E590007A007 /* RootView.swift in Sources */ = {isa = PBXBuildFile; fileRef = 49458BF625CD5E590007A007 /* RootView.swift */; };
		499BE1CB25C9223A00BA5A4A /* SDWebImageSwiftUI in Frameworks */ = {isa = PBXBuildFile; productRef = 499BE1CA25C9223A00BA5A4A /* SDWebImageSwiftUI */; };
		499EF39E25CCEF020047EFBE /* DropView.swift in Sources */ = {isa = PBXBuildFile; fileRef = 499EF39D25CCEF020047EFBE /* DropView.swift */; };
		49AE2C9525C7C6EC00100459 /* Alamofire in Frameworks */ = {isa = PBXBuildFile; productRef = 49AE2C9425C7C6EC00100459 /* Alamofire */; };
		49AE2C9825C7C71400100459 /* SearchService.swift in Sources */ = {isa = PBXBuildFile; fileRef = 49AE2C9725C7C71400100459 /* SearchService.swift */; };
		49AE2C9B25C7C98200100459 /* Types.swift in Sources */ = {isa = PBXBuildFile; fileRef = 49AE2C9A25C7C98200100459 /* Types.swift */; };
		49AE2C9E25C82AE100100459 /* HostService.swift in Sources */ = {isa = PBXBuildFile; fileRef = 49AE2C9D25C82AE100100459 /* HostService.swift */; };
		49AE2CAA25C90BD200100459 /* SwiftSoup in Frameworks */ = {isa = PBXBuildFile; productRef = 49AE2CA925C90BD200100459 /* SwiftSoup */; };
		49AE2CAE25C915E500100459 /* PickView.swift in Sources */ = {isa = PBXBuildFile; fileRef = 49AE2CAD25C915E500100459 /* PickView.swift */; };
/* End PBXBuildFile section */

/* Begin PBXFileReference section */
		4907672625C69D17009A8229 /* Pixiv.app */ = {isa = PBXFileReference; explicitFileType = wrapper.application; includeInIndex = 0; path = Pixiv.app; sourceTree = BUILT_PRODUCTS_DIR; };
		4907672925C69D17009A8229 /* PixivApp.swift */ = {isa = PBXFileReference; lastKnownFileType = sourcecode.swift; path = PixivApp.swift; sourceTree = "<group>"; };
		4907672D25C69D18009A8229 /* Assets.xcassets */ = {isa = PBXFileReference; lastKnownFileType = folder.assetcatalog; path = Assets.xcassets; sourceTree = "<group>"; };
		4907673025C69D18009A8229 /* Preview Assets.xcassets */ = {isa = PBXFileReference; lastKnownFileType = folder.assetcatalog; path = "Preview Assets.xcassets"; sourceTree = "<group>"; };
		4907673225C69D18009A8229 /* Info.plist */ = {isa = PBXFileReference; lastKnownFileType = text.plist.xml; path = Info.plist; sourceTree = "<group>"; };
		4907673325C69D18009A8229 /* Pixiv.entitlements */ = {isa = PBXFileReference; lastKnownFileType = text.plist.entitlements; path = Pixiv.entitlements; sourceTree = "<group>"; };
		49182CF725C9B299004000CA /* Mock.swift */ = {isa = PBXFileReference; lastKnownFileType = sourcecode.swift; path = Mock.swift; sourceTree = "<group>"; };
		4928324F25CFEE6D0032264D /* LoadingView.swift */ = {isa = PBXFileReference; lastKnownFileType = sourcecode.swift; path = LoadingView.swift; sourceTree = "<group>"; };
		49458BEC25CD2F000007A007 /* AppService.swift */ = {isa = PBXFileReference; lastKnownFileType = sourcecode.swift; path = AppService.swift; sourceTree = "<group>"; };
		49458BF125CD33020007A007 /* Utils.swift */ = {isa = PBXFileReference; lastKnownFileType = sourcecode.swift; path = Utils.swift; sourceTree = "<group>"; };
		49458BF625CD5E590007A007 /* RootView.swift */ = {isa = PBXFileReference; lastKnownFileType = sourcecode.swift; path = RootView.swift; sourceTree = "<group>"; };
		499EF39D25CCEF020047EFBE /* DropView.swift */ = {isa = PBXFileReference; lastKnownFileType = sourcecode.swift; path = DropView.swift; sourceTree = "<group>"; };
		49AE2C9725C7C71400100459 /* SearchService.swift */ = {isa = PBXFileReference; lastKnownFileType = sourcecode.swift; path = SearchService.swift; sourceTree = "<group>"; };
		49AE2C9A25C7C98200100459 /* Types.swift */ = {isa = PBXFileReference; lastKnownFileType = sourcecode.swift; path = Types.swift; sourceTree = "<group>"; };
		49AE2C9D25C82AE100100459 /* HostService.swift */ = {isa = PBXFileReference; lastKnownFileType = sourcecode.swift; path = HostService.swift; sourceTree = "<group>"; };
		49AE2CAD25C915E500100459 /* PickView.swift */ = {isa = PBXFileReference; lastKnownFileType = sourcecode.swift; path = PickView.swift; sourceTree = "<group>"; };
/* End PBXFileReference section */

/* Begin PBXFrameworksBuildPhase section */
		4907672325C69D17009A8229 /* Frameworks */ = {
			isa = PBXFrameworksBuildPhase;
			buildActionMask = 2147483647;
			files = (
				499BE1CB25C9223A00BA5A4A /* SDWebImageSwiftUI in Frameworks */,
				49AE2C9525C7C6EC00100459 /* Alamofire in Frameworks */,
				49AE2CAA25C90BD200100459 /* SwiftSoup in Frameworks */,
			);
			runOnlyForDeploymentPostprocessing = 0;
		};
/* End PBXFrameworksBuildPhase section */

/* Begin PBXGroup section */
		4907671D25C69D17009A8229 = {
			isa = PBXGroup;
			children = (
				4907672825C69D17009A8229 /* Pixiv */,
				4907672725C69D17009A8229 /* Products */,
			);
			sourceTree = "<group>";
		};
		4907672725C69D17009A8229 /* Products */ = {
			isa = PBXGroup;
			children = (
				4907672625C69D17009A8229 /* Pixiv.app */,
			);
			name = Products;
			sourceTree = "<group>";
		};
		4907672825C69D17009A8229 /* Pixiv */ = {
			isa = PBXGroup;
			children = (
				49458BE425CD2DD40007A007 /* Views */,
				49458BE325CD2D9F0007A007 /* Services */,
				4907672925C69D17009A8229 /* PixivApp.swift */,
				49AE2C9A25C7C98200100459 /* Types.swift */,
				49458BF125CD33020007A007 /* Utils.swift */,
				49182CF725C9B299004000CA /* Mock.swift */,
				4907672D25C69D18009A8229 /* Assets.xcassets */,
				4907673225C69D18009A8229 /* Info.plist */,
				4907673325C69D18009A8229 /* Pixiv.entitlements */,
				4907672F25C69D18009A8229 /* Preview Content */,
			);
			path = Pixiv;
			sourceTree = "<group>";
		};
		4907672F25C69D18009A8229 /* Preview Content */ = {
			isa = PBXGroup;
			children = (
				4907673025C69D18009A8229 /* Preview Assets.xcassets */,
			);
			path = "Preview Content";
			sourceTree = "<group>";
		};
		49458BE325CD2D9F0007A007 /* Services */ = {
			isa = PBXGroup;
			children = (
				49458BEC25CD2F000007A007 /* AppService.swift */,
				49AE2C9D25C82AE100100459 /* HostService.swift */,
				49AE2C9725C7C71400100459 /* SearchService.swift */,
			);
			path = Services;
			sourceTree = "<group>";
		};
		49458BE425CD2DD40007A007 /* Views */ = {
			isa = PBXGroup;
			children = (
				49458BF625CD5E590007A007 /* RootView.swift */,
				49AE2CAD25C915E500100459 /* PickView.swift */,
				499EF39D25CCEF020047EFBE /* DropView.swift */,
				4928324F25CFEE6D0032264D /* LoadingView.swift */,
			);
			path = Views;
			sourceTree = "<group>";
		};
/* End PBXGroup section */

/* Begin PBXNativeTarget section */
		4907672525C69D17009A8229 /* Pixiv */ = {
			isa = PBXNativeTarget;
			buildConfigurationList = 4907673625C69D18009A8229 /* Build configuration list for PBXNativeTarget "Pixiv" */;
			buildPhases = (
				4907672225C69D17009A8229 /* Sources */,
				4907672325C69D17009A8229 /* Frameworks */,
				4907672425C69D17009A8229 /* Resources */,
			);
			buildRules = (
			);
			dependencies = (
			);
			name = Pixiv;
			packageProductDependencies = (
				49AE2C9425C7C6EC00100459 /* Alamofire */,
				49AE2CA925C90BD200100459 /* SwiftSoup */,
				499BE1CA25C9223A00BA5A4A /* SDWebImageSwiftUI */,
			);
			productName = Pixiv;
			productReference = 4907672625C69D17009A8229 /* Pixiv.app */;
			productType = "com.apple.product-type.application";
		};
/* End PBXNativeTarget section */

/* Begin PBXProject section */
		4907671E25C69D17009A8229 /* Project object */ = {
			isa = PBXProject;
			attributes = {
				LastSwiftUpdateCheck = 1240;
				LastUpgradeCheck = 1240;
				TargetAttributes = {
					4907672525C69D17009A8229 = {
						CreatedOnToolsVersion = 12.4;
					};
				};
			};
			buildConfigurationList = 4907672125C69D17009A8229 /* Build configuration list for PBXProject "Pixiv" */;
			compatibilityVersion = "Xcode 9.3";
			developmentRegion = en;
			hasScannedForEncodings = 0;
			knownRegions = (
				en,
				Base,
			);
			mainGroup = 4907671D25C69D17009A8229;
			packageReferences = (
				49AE2C9325C7C6EC00100459 /* XCRemoteSwiftPackageReference "Alamofire" */,
				49AE2CA825C90BD200100459 /* XCRemoteSwiftPackageReference "SwiftSoup" */,
				499BE1C925C9223A00BA5A4A /* XCRemoteSwiftPackageReference "SDWebImageSwiftUI" */,
			);
			productRefGroup = 4907672725C69D17009A8229 /* Products */;
			projectDirPath = "";
			projectRoot = "";
			targets = (
				4907672525C69D17009A8229 /* Pixiv */,
			);
		};
/* End PBXProject section */

/* Begin PBXResourcesBuildPhase section */
		4907672425C69D17009A8229 /* Resources */ = {
			isa = PBXResourcesBuildPhase;
			buildActionMask = 2147483647;
			files = (
				4907673125C69D18009A8229 /* Preview Assets.xcassets in Resources */,
				4907672E25C69D18009A8229 /* Assets.xcassets in Resources */,
			);
			runOnlyForDeploymentPostprocessing = 0;
		};
/* End PBXResourcesBuildPhase section */

/* Begin PBXSourcesBuildPhase section */
		4907672225C69D17009A8229 /* Sources */ = {
			isa = PBXSourcesBuildPhase;
			buildActionMask = 2147483647;
			files = (
				49AE2C9825C7C71400100459 /* SearchService.swift in Sources */,
				49AE2C9E25C82AE100100459 /* HostService.swift in Sources */,
				4907672A25C69D17009A8229 /* PixivApp.swift in Sources */,
				4928325025CFEE6D0032264D /* LoadingView.swift in Sources */,
				49AE2C9B25C7C98200100459 /* Types.swift in Sources */,
				49458BF225CD33020007A007 /* Utils.swift in Sources */,
				49458BF725CD5E590007A007 /* RootView.swift in Sources */,
				49458BED25CD2F000007A007 /* AppService.swift in Sources */,
				49182CF825C9B299004000CA /* Mock.swift in Sources */,
				49AE2CAE25C915E500100459 /* PickView.swift in Sources */,
				499EF39E25CCEF020047EFBE /* DropView.swift in Sources */,
			);
			runOnlyForDeploymentPostprocessing = 0;
		};
/* End PBXSourcesBuildPhase section */

/* Begin XCBuildConfiguration section */
		4907673425C69D18009A8229 /* Debug */ = {
			isa = XCBuildConfiguration;
			buildSettings = {
				ALWAYS_SEARCH_USER_PATHS = NO;
				CLANG_ANALYZER_NONNULL = YES;
				CLANG_ANALYZER_NUMBER_OBJECT_CONVERSION = YES_AGGRESSIVE;
				CLANG_CXX_LANGUAGE_STANDARD = "gnu++14";
				CLANG_CXX_LIBRARY = "libc++";
				CLANG_ENABLE_MODULES = YES;
				CLANG_ENABLE_OBJC_ARC = YES;
				CLANG_ENABLE_OBJC_WEAK = YES;
				CLANG_WARN_BLOCK_CAPTURE_AUTORELEASING = YES;
				CLANG_WARN_BOOL_CONVERSION = YES;
				CLANG_WARN_COMMA = YES;
				CLANG_WARN_CONSTANT_CONVERSION = YES;
				CLANG_WARN_DEPRECATED_OBJC_IMPLEMENTATIONS = YES;
				CLANG_WARN_DIRECT_OBJC_ISA_USAGE = YES_ERROR;
				CLANG_WARN_DOCUMENTATION_COMMENTS = YES;
				CLANG_WARN_EMPTY_BODY = YES;
				CLANG_WARN_ENUM_CONVERSION = YES;
				CLANG_WARN_INFINITE_RECURSION = YES;
				CLANG_WARN_INT_CONVERSION = YES;
				CLANG_WARN_NON_LITERAL_NULL_CONVERSION = YES;
				CLANG_WARN_OBJC_IMPLICIT_RETAIN_SELF = YES;
				CLANG_WARN_OBJC_LITERAL_CONVERSION = YES;
				CLANG_WARN_OBJC_ROOT_CLASS = YES_ERROR;
				CLANG_WARN_QUOTED_INCLUDE_IN_FRAMEWORK_HEADER = YES;
				CLANG_WARN_RANGE_LOOP_ANALYSIS = YES;
				CLANG_WARN_STRICT_PROTOTYPES = YES;
				CLANG_WARN_SUSPICIOUS_MOVE = YES;
				CLANG_WARN_UNGUARDED_AVAILABILITY = YES_AGGRESSIVE;
				CLANG_WARN_UNREACHABLE_CODE = YES;
				CLANG_WARN__DUPLICATE_METHOD_MATCH = YES;
				COPY_PHASE_STRIP = NO;
				DEBUG_INFORMATION_FORMAT = dwarf;
				ENABLE_STRICT_OBJC_MSGSEND = YES;
				ENABLE_TESTABILITY = YES;
				GCC_C_LANGUAGE_STANDARD = gnu11;
				GCC_DYNAMIC_NO_PIC = NO;
				GCC_NO_COMMON_BLOCKS = YES;
				GCC_OPTIMIZATION_LEVEL = 0;
				GCC_PREPROCESSOR_DEFINITIONS = (
					"DEBUG=1",
					"$(inherited)",
				);
				GCC_WARN_64_TO_32_BIT_CONVERSION = YES;
				GCC_WARN_ABOUT_RETURN_TYPE = YES_ERROR;
				GCC_WARN_UNDECLARED_SELECTOR = YES;
				GCC_WARN_UNINITIALIZED_AUTOS = YES_AGGRESSIVE;
				GCC_WARN_UNUSED_FUNCTION = YES;
				GCC_WARN_UNUSED_VARIABLE = YES;
				MACOSX_DEPLOYMENT_TARGET = 11.0;
				MTL_ENABLE_DEBUG_INFO = INCLUDE_SOURCE;
				MTL_FAST_MATH = YES;
				ONLY_ACTIVE_ARCH = YES;
				SDKROOT = macosx;
				SWIFT_ACTIVE_COMPILATION_CONDITIONS = DEBUG;
				SWIFT_OPTIMIZATION_LEVEL = "-Onone";
			};
			name = Debug;
		};
		4907673525C69D18009A8229 /* Release */ = {
			isa = XCBuildConfiguration;
			buildSettings = {
				ALWAYS_SEARCH_USER_PATHS = NO;
				CLANG_ANALYZER_NONNULL = YES;
				CLANG_ANALYZER_NUMBER_OBJECT_CONVERSION = YES_AGGRESSIVE;
				CLANG_CXX_LANGUAGE_STANDARD = "gnu++14";
				CLANG_CXX_LIBRARY = "libc++";
				CLANG_ENABLE_MODULES = YES;
				CLANG_ENABLE_OBJC_ARC = YES;
				CLANG_ENABLE_OBJC_WEAK = YES;
				CLANG_WARN_BLOCK_CAPTURE_AUTORELEASING = YES;
				CLANG_WARN_BOOL_CONVERSION = YES;
				CLANG_WARN_COMMA = YES;
				CLANG_WARN_CONSTANT_CONVERSION = YES;
				CLANG_WARN_DEPRECATED_OBJC_IMPLEMENTATIONS = YES;
				CLANG_WARN_DIRECT_OBJC_ISA_USAGE = YES_ERROR;
				CLANG_WARN_DOCUMENTATION_COMMENTS = YES;
				CLANG_WARN_EMPTY_BODY = YES;
				CLANG_WARN_ENUM_CONVERSION = YES;
				CLANG_WARN_INFINITE_RECURSION = YES;
				CLANG_WARN_INT_CONVERSION = YES;
				CLANG_WARN_NON_LITERAL_NULL_CONVERSION = YES;
				CLANG_WARN_OBJC_IMPLICIT_RETAIN_SELF = YES;
				CLANG_WARN_OBJC_LITERAL_CONVERSION = YES;
				CLANG_WARN_OBJC_ROOT_CLASS = YES_ERROR;
				CLANG_WARN_QUOTED_INCLUDE_IN_FRAMEWORK_HEADER = YES;
				CLANG_WARN_RANGE_LOOP_ANALYSIS = YES;
				CLANG_WARN_STRICT_PROTOTYPES = YES;
				CLANG_WARN_SUSPICIOUS_MOVE = YES;
				CLANG_WARN_UNGUARDED_AVAILABILITY = YES_AGGRESSIVE;
				CLANG_WARN_UNREACHABLE_CODE = YES;
				CLANG_WARN__DUPLICATE_METHOD_MATCH = YES;
				COPY_PHASE_STRIP = NO;
				DEBUG_INFORMATION_FORMAT = "dwarf-with-dsym";
				ENABLE_NS_ASSERTIONS = NO;
				ENABLE_STRICT_OBJC_MSGSEND = YES;
				GCC_C_LANGUAGE_STANDARD = gnu11;
				GCC_NO_COMMON_BLOCKS = YES;
				GCC_WARN_64_TO_32_BIT_CONVERSION = YES;
				GCC_WARN_ABOUT_RETURN_TYPE = YES_ERROR;
				GCC_WARN_UNDECLARED_SELECTOR = YES;
				GCC_WARN_UNINITIALIZED_AUTOS = YES_AGGRESSIVE;
				GCC_WARN_UNUSED_FUNCTION = YES;
				GCC_WARN_UNUSED_VARIABLE = YES;
				MACOSX_DEPLOYMENT_TARGET = 11.0;
				MTL_ENABLE_DEBUG_INFO = NO;
				MTL_FAST_MATH = YES;
				SDKROOT = macosx;
				SWIFT_COMPILATION_MODE = wholemodule;
				SWIFT_OPTIMIZATION_LEVEL = "-O";
			};
			name = Release;
		};
		4907673725C69D18009A8229 /* Debug */ = {
			isa = XCBuildConfiguration;
			buildSettings = {
				ASSETCATALOG_COMPILER_APPICON_NAME = AppIcon;
				ASSETCATALOG_COMPILER_GLOBAL_ACCENT_COLOR_NAME = AccentColor;
				CODE_SIGN_ENTITLEMENTS = Pixiv/Pixiv.entitlements;
				CODE_SIGN_STYLE = Automatic;
				COMBINE_HIDPI_IMAGES = YES;
				DEVELOPMENT_ASSET_PATHS = "\"Pixiv/Preview Content\"";
				ENABLE_PREVIEWS = YES;
				INFOPLIST_FILE = Pixiv/Info.plist;
				LD_RUNPATH_SEARCH_PATHS = (
					"$(inherited)",
					"@executable_path/../Frameworks",
				);
				MACOSX_DEPLOYMENT_TARGET = 11.0;
				PRODUCT_BUNDLE_IDENTIFIER = ika.Pixiv;
				PRODUCT_NAME = "$(TARGET_NAME)";
				SWIFT_VERSION = 5.0;
			};
			name = Debug;
		};
		4907673825C69D18009A8229 /* Release */ = {
			isa = XCBuildConfiguration;
			buildSettings = {
				ASSETCATALOG_COMPILER_APPICON_NAME = AppIcon;
				ASSETCATALOG_COMPILER_GLOBAL_ACCENT_COLOR_NAME = AccentColor;
				CODE_SIGN_ENTITLEMENTS = Pixiv/Pixiv.entitlements;
				CODE_SIGN_STYLE = Automatic;
				COMBINE_HIDPI_IMAGES = YES;
				DEVELOPMENT_ASSET_PATHS = "\"Pixiv/Preview Content\"";
				ENABLE_PREVIEWS = YES;
				INFOPLIST_FILE = Pixiv/Info.plist;
				LD_RUNPATH_SEARCH_PATHS = (
					"$(inherited)",
					"@executable_path/../Frameworks",
				);
				MACOSX_DEPLOYMENT_TARGET = 11.0;
				PRODUCT_BUNDLE_IDENTIFIER = ika.Pixiv;
				PRODUCT_NAME = "$(TARGET_NAME)";
				SWIFT_VERSION = 5.0;
			};
			name = Release;
		};
/* End XCBuildConfiguration section */

/* Begin XCConfigurationList section */
		4907672125C69D17009A8229 /* Build configuration list for PBXProject "Pixiv" */ = {
			isa = XCConfigurationList;
			buildConfigurations = (
				4907673425C69D18009A8229 /* Debug */,
				4907673525C69D18009A8229 /* Release */,
			);
			defaultConfigurationIsVisible = 0;
			defaultConfigurationName = Release;
		};
		4907673625C69D18009A8229 /* Build configuration list for PBXNativeTarget "Pixiv" */ = {
			isa = XCConfigurationList;
			buildConfigurations = (
				4907673725C69D18009A8229 /* Debug */,
				4907673825C69D18009A8229 /* Release */,
			);
			defaultConfigurationIsVisible = 0;
			defaultConfigurationName = Release;
		};
/* End XCConfigurationList section */

/* Begin XCRemoteSwiftPackageReference section */
		499BE1C925C9223A00BA5A4A /* XCRemoteSwiftPackageReference "SDWebImageSwiftUI" */ = {
			isa = XCRemoteSwiftPackageReference;
			repositoryURL = "https://github.com/SDWebImage/SDWebImageSwiftUI.git";
			requirement = {
				kind = upToNextMajorVersion;
				minimumVersion = 1.5.0;
			};
		};
		49AE2C9325C7C6EC00100459 /* XCRemoteSwiftPackageReference "Alamofire" */ = {
			isa = XCRemoteSwiftPackageReference;
			repositoryURL = "https://github.com/Alamofire/Alamofire";
			requirement = {
				kind = upToNextMajorVersion;
				minimumVersion = 5.4.1;
			};
		};
		49AE2CA825C90BD200100459 /* XCRemoteSwiftPackageReference "SwiftSoup" */ = {
			isa = XCRemoteSwiftPackageReference;
			repositoryURL = "https://github.com/scinfu/SwiftSoup";
			requirement = {
				kind = upToNextMajorVersion;
				minimumVersion = 2.3.2;
			};
		};
/* End XCRemoteSwiftPackageReference section */

/* Begin XCSwiftPackageProductDependency section */
		499BE1CA25C9223A00BA5A4A /* SDWebImageSwiftUI */ = {
			isa = XCSwiftPackageProductDependency;
			package = 499BE1C925C9223A00BA5A4A /* XCRemoteSwiftPackageReference "SDWebImageSwiftUI" */;
			productName = SDWebImageSwiftUI;
		};
		49AE2C9425C7C6EC00100459 /* Alamofire */ = {
			isa = XCSwiftPackageProductDependency;
			package = 49AE2C9325C7C6EC00100459 /* XCRemoteSwiftPackageReference "Alamofire" */;
			productName = Alamofire;
		};
		49AE2CA925C90BD200100459 /* SwiftSoup */ = {
			isa = XCSwiftPackageProductDependency;
			package = 49AE2CA825C90BD200100459 /* XCRemoteSwiftPackageReference "SwiftSoup" */;
			productName = SwiftSoup;
		};
/* End XCSwiftPackageProductDependency section */
	};
	rootObject = 4907671E25C69D17009A8229 /* Project object */;
}
